// !$*UTF8*$!
{
	archiveVersion = 1;
	classes = {
	};
	objectVersion = 46;
	objects = {

/* Begin PBXBuildFile section */
		D597B1C91DD105CA0094E33B /* AppDelegate.swift in Sources */ = {isa = PBXBuildFile; fileRef = D597B1C81DD105CA0094E33B /* AppDelegate.swift */; };
		D597B1CB1DD105CA0094E33B /* ViewController.swift in Sources */ = {isa = PBXBuildFile; fileRef = D597B1CA1DD105CA0094E33B /* ViewController.swift */; };
		D597B1CE1DD105CA0094E33B /* Main.storyboard in Resources */ = {isa = PBXBuildFile; fileRef = D597B1CC1DD105CA0094E33B /* Main.storyboard */; };
		D597B1D01DD105CA0094E33B /* Assets.xcassets in Resources */ = {isa = PBXBuildFile; fileRef = D597B1CF1DD105CA0094E33B /* Assets.xcassets */; };
		D597B1D31DD105CA0094E33B /* LaunchScreen.storyboard in Resources */ = {isa = PBXBuildFile; fileRef = D597B1D11DD105CA0094E33B /* LaunchScreen.storyboard */; };
/* End PBXBuildFile section */

/* Begin PBXFileReference section */
		D597B1C51DD105CA0094E33B /* SwappingViews.app */ = {isa = PBXFileReference; explicitFileType = wrapper.application; includeInIndex = 0; path = SwappingViews.app; sourceTree = BUILT_PRODUCTS_DIR; };
		D597B1C81DD105CA0094E33B /* AppDelegate.swift */ = {isa = PBXFileReference; lastKnownFileType = sourcecode.swift; path = AppDelegate.swift; sourceTree = "<group>"; };
		D597B1CA1DD105CA0094E33B /* ViewController.swift */ = {isa = PBXFileReference; lastKnownFileType = sourcecode.swift; path = ViewController.swift; sourceTree = "<group>"; };
		D597B1CD1DD105CA0094E33B /* Base */ = {isa = PBXFileReference; lastKnownFileType = file.storyboard; name = Base; path = Base.lproj/Main.storyboard; sourceTree = "<group>"; };
		D597B1CF1DD105CA0094E33B /* Assets.xcassets */ = {isa = PBXFileReference; lastKnownFileType = folder.assetcatalog; path = Assets.xcassets; sourceTree = "<group>"; };
		D597B1D21DD105CA0094E33B /* Base */ = {isa = PBXFileReference; lastKnownFileType = file.storyboard; name = Base; path = Base.lproj/LaunchScreen.storyboard; sourceTree = "<group>"; };
		D597B1D41DD105CA0094E33B /* Info.plist */ = {isa = PBXFileReference; lastKnownFileType = text.plist.xml; path = Info.plist; sourceTree = "<group>"; };
/* End PBXFileReference section */

/* Begin PBXFrameworksBuildPhase section */
		D597B1C21DD105CA0094E33B /* Frameworks */ = {
			isa = PBXFrameworksBuildPhase;
			buildActionMask = 2147483647;
			files = (
			);
			runOnlyForDeploymentPostprocessing = 0;
		};
/* End PBXFrameworksBuildPhase section */

/* Begin PBXGroup section */
		D597B1BC1DD105CA0094E33B = {
			isa = PBXGroup;
			children = (
				D597B1C71DD105CA0094E33B /* SwappingViews */,
				D597B1C61DD105CA0094E33B /* Products */,
			);
			sourceTree = "<group>";
		};
		D597B1C61DD105CA0094E33B /* Products */ = {
			isa = PBXGroup;
			children = (
				D597B1C51DD105CA0094E33B /* SwappingViews.app */,
			);
			name = Products;
			sourceTree = "<group>";
		};
		D597B1C71DD105CA0094E33B /* SwappingViews */ = {
			isa = PBXGroup;
			children = (
				D597B1C81DD105CA0094E33B /* AppDelegate.swift */,
				D597B1CA1DD105CA0094E33B /* ViewController.swift */,
				D597B1CC1DD105CA0094E33B /* Main.storyboard */,
				D597B1CF1DD105CA0094E33B /* Assets.xcassets */,
				D597B1D11DD105CA0094E33B /* LaunchScreen.storyboard */,
				D597B1D41DD105CA0094E33B /* Info.plist */,
			);
			path = SwappingViews;
			sourceTree = "<group>";
		};
/* End PBXGroup section */

/* Begin PBXNativeTarget section */
		D597B1C41DD105CA0094E33B /* SwappingViews */ = {
			isa = PBXNativeTarget;
			buildConfigurationList = D597B1D71DD105CA0094E33B /* Build configuration list for PBXNativeTarget "SwappingViews" */;
			buildPhases = (
				D597B1C11DD105CA0094E33B /* Sources */,
				D597B1C21DD105CA0094E33B /* Frameworks */,
				D597B1C31DD105CA0094E33B /* Resources */,
			);
			buildRules = (
			);
			dependencies = (
			);
			name = SwappingViews;
			productName = SwappingViews;
			productReference = D597B1C51DD105CA0094E33B /* SwappingViews.app */;
			productType = "com.apple.product-type.application";
		};
/* End PBXNativeTarget section */

/* Begin PBXProject section */
		D597B1BD1DD105CA0094E33B /* Project object */ = {
			isa = PBXProject;
			attributes = {
				LastSwiftUpdateCheck = 0800;
				LastUpgradeCheck = 0800;
				ORGANIZATIONNAME = "Younoussa Ousmane Abdou";
				TargetAttributes = {
					D597B1C41DD105CA0094E33B = {
						CreatedOnToolsVersion = 8.0;
						ProvisioningStyle = Automatic;
					};
				};
			};
			buildConfigurationList = D597B1C01DD105CA0094E33B /* Build configuration list for PBXProject "SwappingViews" */;
			compatibilityVersion = "Xcode 3.2";
			developmentRegion = English;
			hasScannedForEncodings = 0;
			knownRegions = (
				en,
				Base,
			);
			mainGroup = D597B1BC1DD105CA0094E33B;
			productRefGroup = D597B1C61DD105CA0094E33B /* Products */;
			projectDirPath = "";
			projectRoot = "";
			targets = (
				D597B1C41DD105CA0094E33B /* SwappingViews */,
			);
		};
/* End PBXProject section */

/* Begin PBXResourcesBuildPhase section */
		D597B1C31DD105CA0094E33B /* Resources */ = {
			isa = PBXResourcesBuildPhase;
			buildActionMask = 2147483647;
			files = (
				D597B1D31DD105CA0094E33B /* LaunchScreen.storyboard in Resources */,
				D597B1D01DD105CA0094E33B /* Assets.xcassets in Resources */,
				D597B1CE1DD105CA0094E33B /* Main.storyboard in Resources */,
			);
			runOnlyForDeploymentPostprocessing = 0;
		};
/* End PBXResourcesBuildPhase section */

/* Begin PBXSourcesBuildPhase section */
		D597B1C11DD105CA0094E33B /* Sources */ = {
			isa = PBXSourcesBuildPhase;
			buildActionMask = 2147483647;
			files = (
				D597B1CB1DD105CA0094E33B /* ViewController.swift in Sources */,
				D597B1C91DD105CA0094E33B /* AppDelegate.swift in Sources */,
			);
			runOnlyForDeploymentPostprocessing = 0;
		};
/* End PBXSourcesBuildPhase section */

/* Begin PBXVariantGroup section */
		D597B1CC1DD105CA0094E33B /* Main.storyboard */ = {
			isa = PBXVariantGroup;
			children = (
				D597B1CD1DD105CA0094E33B /* Base */,
			);
			name = Main.storyboard;
			sourceTree = "<group>";
		};
		D597B1D11DD105CA0094E33B /* LaunchScreen.storyboard */ = {
			isa = PBXVariantGroup;
			children = (
				D597B1D21DD105CA0094E33B /* Base */,
			);
			name = LaunchScreen.storyboard;
			sourceTree = "<group>";
		};
/* End PBXVariantGroup section */

/* Begin XCBuildConfiguration section */
		D597B1D51DD105CA0094E33B /* Debug */ = {
			isa = XCBuildConfiguration;
			buildSettings = {
				ALWAYS_SEARCH_USER_PATHS = NO;
				CLANG_ANALYZER_NONNULL = YES;
				CLANG_CXX_LANGUAGE_STANDARD = "gnu++0x";
				CLANG_CXX_LIBRARY = "libc++";
				CLANG_ENABLE_MODULES = YES;
				CLANG_ENABLE_OBJC_ARC = YES;
				CLANG_WARN_BOOL_CONVERSION = YES;
				CLANG_WARN_CONSTANT_CONVERSION = YES;
				CLANG_WARN_DIRECT_OBJC_ISA_USAGE = YES_ERROR;
				CLANG_WARN_DOCUMENTATION_COMMENTS = YES;
				CLANG_WARN_EMPTY_BODY = YES;
				CLANG_WARN_ENUM_CONVERSION = YES;
				CLANG_WARN_INFINITE_RECURSION = YES;
				CLANG_WARN_INT_CONVERSION = YES;
				CLANG_WARN_OBJC_ROOT_CLASS = YES_ERROR;
				CLANG_WARN_SUSPICIOUS_MOVES = YES;
				CLANG_WARN_UNREACHABLE_CODE = YES;
				CLANG_WARN__DUPLICATE_METHOD_MATCH = YES;
				"CODE_SIGN_IDENTITY[sdk=iphoneos*]" = "iPhone Developer";
				COPY_PHASE_STRIP = NO;
				DEBUG_INFORMATION_FORMAT = dwarf;
				ENABLE_STRICT_OBJC_MSGSEND = YES;
				ENABLE_TESTABILITY = YES;
				GCC_C_LANGUAGE_STANDARD = gnu99;
				GCC_DYNAMIC_NO_PIC = NO;
				GCC_NO_COMMON_BLOCKS = YES;
				GCC_OPTIMIZATION_LEVEL = 0;
				GCC_PREPROCESSOR_DEFINITIONS = (
					"DEBUG=1",
					"$(inherited)",
				);
				GCC_WARN_64_TO_32_BIT_CONVERSION = YES;
				GCC_WARN_ABOUT_RETURN_TYPE = YES_ERROR;
				GCC_WARN_UNDECLARED_SELECTOR = YES;
				GCC_WARN_UNINITIALIZED_AUTOS = YES_AGGRESSIVE;
				GCC_WARN_UNUSED_FUNCTION = YES;
				GCC_WARN_UNUSED_VARIABLE = YES;
				IPHONEOS_DEPLOYMENT_TARGET = 10.0;
				MTL_ENABLE_DEBUG_INFO = YES;
				ONLY_ACTIVE_ARCH = YES;
				SDKROOT = iphoneos;
				SWIFT_ACTIVE_COMPILATION_CONDITIONS = DEBUG;
				SWIFT_OPTIMIZATION_LEVEL = "-Onone";
				TARGETED_DEVICE_FAMILY = "1,2";
			};
			name = Debug;
		};
		D597B1D61DD105CA0094E33B /* Release */ = {
			isa = XCBuildConfiguration;
			buildSettings = {
				ALWAYS_SEARCH_USER_PATHS = NO;
				CLANG_ANALYZER_NONNULL = YES;
				CLANG_CXX_LANGUAGE_STANDARD = "gnu++0x";
				CLANG_CXX_LIBRARY = "libc++";
				CLANG_ENABLE_MODULES = YES;
				CLANG_ENABLE_OBJC_ARC = YES;
				CLANG_WARN_BOOL_CONVERSION = YES;
				CLANG_WARN_CONSTANT_CONVERSION = YES;
				CLANG_WARN_DIRECT_OBJC_ISA_USAGE = YES_ERROR;
				CLANG_WARN_DOCUMENTATION_COMMENTS = YES;
				CLANG_WARN_EMPTY_BODY = YES;
				CLANG_WARN_ENUM_CONVERSION = YES;
				CLANG_WARN_INFINITE_RECURSION = YES;
				CLANG_WARN_INT_CONVERSION = YES;
				CLANG_WARN_OBJC_ROOT_CLASS = YES_ERROR;
				CLANG_WARN_SUSPICIOUS_MOVES = YES;
				CLANG_WARN_UNREACHABLE_CODE = YES;
				CLANG_WARN__DUPLICATE_METHOD_MATCH = YES;
				"CODE_SIGN_IDENTITY[sdk=iphoneos*]" = "iPhone Developer";
				COPY_PHASE_STRIP = NO;
				DEBUG_INFORMATION_FORMAT = "dwarf-with-dsym";
				ENABLE_NS_ASSERTIONS = NO;
				ENABLE_STRICT_OBJC_MSGSEND = YES;
				GCC_C_LANGUAGE_STANDARD = gnu99;
				GCC_NO_COMMON_BLOCKS = YES;
				GCC_WARN_64_TO_32_BIT_CONVERSION = YES;
				GCC_WARN_ABOUT_RETURN_TYPE = YES_ERROR;
				GCC_WARN_UNDECLARED_SELECTOR = YES;
				GCC_WARN_UNINITIALIZED_AUTOS = YES_AGGRESSIVE;
				GCC_WARN_UNUSED_FUNCTION = YES;
				GCC_WARN_UNUSED_VARIABLE = YES;
				IPHONEOS_DEPLOYMENT_TARGET = 10.0;
				MTL_ENABLE_DEBUG_INFO = NO;
				SDKROOT = iphoneos;
				SWIFT_OPTIMIZATION_LEVEL = "-Owholemodule";
				TARGETED_DEVICE_FAMILY = "1,2";
				VALIDATE_PRODUCT = YES;
			};
			name = Release;
		};
		D597B1D81DD105CA0094E33B /* Debug */ = {
			isa = XCBuildConfiguration;
			buildSettings = {
				ASSETCATALOG_COMPILER_APPICON_NAME = AppIcon;
				INFOPLIST_FILE = SwappingViews/Info.plist;
				LD_RUNPATH_SEARCH_PATHS = "$(inherited) @executable_path/Frameworks";
				PRODUCT_BUNDLE_IDENTIFIER = com.yuso.SwappingViews;
				PRODUCT_NAME = "$(TARGET_NAME)";
				SWIFT_VERSION = 3.0;
			};
			name = Debug;
		};
		D597B1D91DD105CA0094E33B /* Release */ = {
			isa = XCBuildConfiguration;
			buildSettings = {
				ASSETCATALOG_COMPILER_APPICON_NAME = AppIcon;
				INFOPLIST_FILE = SwappingViews/Info.plist;
				LD_RUNPATH_SEARCH_PATHS = "$(inherited) @executable_path/Frameworks";
				PRODUCT_BUNDLE_IDENTIFIER = com.yuso.SwappingViews;
				PRODUCT_NAME = "$(TARGET_NAME)";
				SWIFT_VERSION = 3.0;
			};
			name = Release;
		};
/* End XCBuildConfiguration section */

/* Begin XCConfigurationList section */
		D597B1C01DD105CA0094E33B /* Build configuration list for PBXProject "SwappingViews" */ = {
			isa = XCConfigurationList;
			buildConfigurations = (
				D597B1D51DD105CA0094E33B /* Debug */,
				D597B1D61DD105CA0094E33B /* Release */,
			);
			defaultConfigurationIsVisible = 0;
			defaultConfigurationName = Release;
		};
		D597B1D71DD105CA0094E33B /* Build configuration list for PBXNativeTarget "SwappingViews" */ = {
			isa = XCConfigurationList;
			buildConfigurations = (
				D597B1D81DD105CA0094E33B /* Debug */,
				D597B1D91DD105CA0094E33B /* Release */,
			);
			defaultConfigurationIsVisible = 0;
		};
/* End XCConfigurationList section */
	};
	rootObject = D597B1BD1DD105CA0094E33B /* Project object */;
}
